
Microsoft Visual Studio Solution File, Format Version 12.00
# Visual Studio Version 17
VisualStudioVersion = 17.4.33403.182
MinimumVisualStudioVersion = 10.0.40219.1
Project("{FAE04EC0-301F-11D3-BF4B-00C04F79EFBC}") = "Zahlensysteme", "Zahlensysteme\Zahlensysteme.csproj", "{5335FF0E-1B33-4AF7-A281-65CAFE89FAD7}"
EndProject
Global
	GlobalSection(SolutionConfigurationPlatforms) = preSolution
		Debug|Any CPU = Debug|Any CPU
		Release|Any CPU = Release|Any CPU
	EndGlobalSection
	GlobalSection(ProjectConfigurationPlatforms) = postSolution
		{5335FF0E-1B33-4AF7-A281-65CAFE89FAD7}.Debug|Any CPU.ActiveCfg = Debug|Any CPU
		{5335FF0E-1B33-4AF7-A281-65CAFE89FAD7}.Debug|Any CPU.Build.0 = Debug|Any CPU
		{5335FF0E-1B33-4AF7-A281-65CAFE89FAD7}.Release|Any CPU.ActiveCfg = Release|Any CPU
		{5335FF0E-1B33-4AF7-A281-65CAFE89FAD7}.Release|Any CPU.Build.0 = Release|Any CPU
	EndGlobalSection
	GlobalSection(SolutionProperties) = preSolution
		HideSolutionNode = FALSE
	EndGlobalSection
	GlobalSection(ExtensibilityGlobals) = postSolution
		SolutionGuid = {5C78AD3C-459A-4D62-8DA1-8A24A86209C0}
	EndGlobalSection
EndGlobal
